
Microsoft Visual Studio Solution File, Format Version 11.00
# Visual Studio 2010
Project("{FAE04EC0-301F-11D3-BF4B-00C04F79EFBC}") = "XamarinStripe", "XamarinStripe.csproj", "{218CF4C2-C457-43E4-9D1B-0880D10181FF}"
EndProject
Global
	GlobalSection(SolutionConfigurationPlatforms) = preSolution
		Debug|Any CPU = Debug|Any CPU
		Release|Any CPU = Release|Any CPU
	EndGlobalSection
	GlobalSection(ProjectConfigurationPlatforms) = postSolution
		{218CF4C2-C457-43E4-9D1B-0880D10181FF}.Debug|Any CPU.ActiveCfg = Debug|Any CPU
		{218CF4C2-C457-43E4-9D1B-0880D10181FF}.Debug|Any CPU.Build.0 = Debug|Any CPU
		{218CF4C2-C457-43E4-9D1B-0880D10181FF}.Release|Any CPU.ActiveCfg = Release|Any CPU
		{218CF4C2-C457-43E4-9D1B-0880D10181FF}.Release|Any CPU.Build.0 = Release|Any CPU
	EndGlobalSection
	GlobalSection(SolutionProperties) = preSolution
		HideSolutionNode = FALSE
	EndGlobalSection
EndGlobal
